{"1.2.0",
[{<<"lzf">>,{pkg,<<"lzf">>,<<"0.1.3">>},0},
 {<<"poison">>,{pkg,<<"poison">>,<<"4.0.1">>},0}]}.
[
{pkg_hash,[
 {<<"lzf">>, <<"FBC32BCFDF80EBE1E25419C483DA479007EB657D7D2DC8712B7347C63C5681C6">>},
 {<<"poison">>, <<"BCB755A16FAC91CAD79BFE9FC3585BB07B9331E50CFE3420A24BCC2D735709AE">>}]},
{pkg_hash_ext,[
 {<<"lzf">>, <<"F28711040955E42F9E6DE1D5E20A644D200DBBBCA4997A214F80C47CF4FF0382">>},
 {<<"poison">>, <<"BA8836FEEA4B394BB718A161FC59A288FE0109B5006D6BDF97B6BADFCF6F0F25">>}]}
].
